<Solution>
  <Folder Name="/Common/">
    <Project Path="Common/CommonDomain/CommonDomain.csproj" Id="b20d0b38-df6c-4881-9edb-c3d85dd441dc" />
  </Folder>
  <Folder Name="/Graph/">
    <Project Path="WorkflowGraph/Engine/Engine.csproj" />
  </Folder>
  <Folder Name="/Molecules/" />
  <Folder Name="/Molecules/Molecule/">
    <Project Path="Molecules/Molecule/IMoleculeFactory/IMoleculeFactory.csproj" Id="f789b652-b2c1-403a-bf05-33b1d5cf8325" />
    <Project Path="Molecules/Molecule/IMoleculeRepository/IMoleculeRepository.csproj" Id="92bacf93-2afb-406e-bcd8-9cef926306e5" />
    <Project Path="Molecules/Molecule/IMoleculeServices/IMoleculeServices.csproj" Id="b33d982a-3eb2-4e71-a1e6-fe37709f2c2f" />
    <Project Path="Molecules/Molecule/MoleculeDomain/MoleculeDomain.csproj" />
    <Project Path="Molecules/Molecule/MoleculeFactory/MoleculeFactory.csproj" Id="57f25a1f-e259-43f1-a4cd-dd3e17311e76" />
    <Project Path="Molecules/Molecule/MoleculeRepository/MoleculeRepository.csproj" Id="c4998187-8de8-48e1-a224-097dd27a68e4" />
    <Project Path="Molecules/Molecule/MoleculeServices/MoleculeServices.csproj" Id="b4bff03a-9578-42d8-9aba-191bbb38f3d4" />
  </Folder>
  <Folder Name="/Molecules/Process/">
    <Project Path="Molecules/Process/IMoleculeProcessFactory/IMoleculeProcessFactory.csproj" Id="107dece4-8504-461d-87e4-f958a98e6622" />
    <Project Path="Molecules/Process/IMoleculeProcessServices/IMoleculeProcessServices.csproj" Id="03b4117c-47d9-406d-b64a-e7769ce8a3b1" />
    <Project Path="Molecules/Process/MoleculeProcessDomain/MoleculeProcessDomain.csproj" Id="28390b13-87c9-46cb-afd5-1d9d53b3435b" />
    <Project Path="Molecules/Process/MoleculeProcessFactory/MoleculeProcessFactory.csproj" Id="6e7db294-8cc5-4060-98f7-86b33bd4b72c" />
    <Project Path="Molecules/Process/MoleculeProcessService/MoleculeProcessService.csproj" Id="5b163371-da8e-461a-a944-898270f5c675" />
  </Folder>
  <Folder Name="/Molecules/ResearchDefinition/">
    <Project Path="Molecules/ResearchDefinition/IResearchDefinitionRepository/IResearchDefinitionRepository.csproj" />
    <Project Path="Molecules/ResearchDefinition/IResearchDefintionService/IResearchDefintionService.csproj" />
    <Project Path="Molecules/ResearchDefinition/ResearchDefinitionDomain/ResearchDefinitionDomain.csproj" />
    <Project Path="Molecules/ResearchDefinition/ResearchDefinitionRepository/ResearchDefinitionRepository.csproj" />
    <Project Path="Molecules/ResearchDefinition/ResearchDefinitionService/ResearchDefinitionService.csproj" />
  </Folder>
  <Folder Name="/UnitTests/">
    <Project Path="UnitTests/GraphTests/GraphTests.csproj" Id="f1dc4545-1857-49e8-b1b1-e1b9e3812d2c" />
    <Project Path="UnitTests/MoleculesTests/MoleculesTests.csproj" Id="0aab33cb-e905-4d9e-b2cb-f649ebf76bff" />
  </Folder>
  <Folder Name="/Utilities/">
    <Project Path="Utilities/IUtilitiesServices/IUtilitiesServices.csproj" />
    <Project Path="Utilities/UtilitiesDomain/UtilitiesDomain.csproj" />
    <Project Path="Utilities/UtilitiesServices/UtilitiesServices.csproj" />
  </Folder>
  <Project Path="MainConsole/MainConsole.csproj" />
</Solution>
